version = 1
revision = 1
requires-python = ">=3.13"

[[package]]
name = "cffi"
version = "2.0.0"
source = { registry = "https://pypi.org/simple" }
dependencies = [
    { name = "pycparser", marker = "implementation_name != 'PyPy'" },
]
sdist = { url = "https://files.pythonhosted.org/packages/eb/56/b1ba7935a17738ae8453301356628e8147c79dbb825bcbc73dc7401f9846/cffi-2.0.0.tar.gz", hash = "sha256:44d1b5909021139fe36001ae048dbdde8214afa20200eda0f64c068cac5d5529", size = 523588 }
wheels = [
    { url = "https://files.pythonhosted.org/packages/4b/8d/a0a47a0c9e413a658623d014e91e74a50cdd2c423f7ccfd44086ef767f90/cffi-2.0.0-cp313-cp313-macosx_10_13_x86_64.whl", hash = "sha256:00bdf7acc5f795150faa6957054fbbca2439db2f775ce831222b66f192f03beb", size = 185230 },
    { url = "https://files.pythonhosted.org/packages/4a/d2/a6c0296814556c68ee32009d9c2ad4f85f2707cdecfd7727951ec228005d/cffi-2.0.0-cp313-cp313-macosx_11_0_arm64.whl", hash = "sha256:45d5e886156860dc35862657e1494b9bae8dfa63bf56796f2fb56e1679fc0bca", size = 181043 },
    { url = "https://files.pythonhosted.org/packages/b0/1e/d22cc63332bd59b06481ceaac49d6c507598642e2230f201649058a7e704/cffi-2.0.0-cp313-cp313-manylinux1_i686.manylinux2014_i686.manylinux_2_17_i686.manylinux_2_5_i686.whl", hash = "sha256:07b271772c100085dd28b74fa0cd81c8fb1a3ba18b21e03d7c27f3436a10606b", size = 212446 },
    { url = "https://files.pythonhosted.org/packages/a9/f5/a2c23eb03b61a0b8747f211eb716446c826ad66818ddc7810cc2cc19b3f2/cffi-2.0.0-cp313-cp313-manylinux2014_aarch64.manylinux_2_17_aarch64.whl", hash = "sha256:d48a880098c96020b02d5a1f7d9251308510ce8858940e6fa99ece33f610838b", size = 220101 },
    { url = "https://files.pythonhosted.org/packages/f2/7f/e6647792fc5850d634695bc0e6ab4111ae88e89981d35ac269956605feba/cffi-2.0.0-cp313-cp313-manylinux2014_ppc64le.manylinux_2_17_ppc64le.whl", hash = "sha256:f93fd8e5c8c0a4aa1f424d6173f14a892044054871c771f8566e4008eaa359d2", size = 207948 },
    { url = "https://files.pythonhosted.org/packages/cb/1e/a5a1bd6f1fb30f22573f76533de12a00bf274abcdc55c8edab639078abb6/cffi-2.0.0-cp313-cp313-manylinux2014_s390x.manylinux_2_17_s390x.whl", hash = "sha256:dd4f05f54a52fb558f1ba9f528228066954fee3ebe629fc1660d874d040ae5a3", size = 206422 },
    { url = "https://files.pythonhosted.org/packages/98/df/0a1755e750013a2081e863e7cd37e0cdd02664372c754e5560099eb7aa44/cffi-2.0.0-cp313-cp313-manylinux2014_x86_64.manylinux_2_17_x86_64.whl", hash = "sha256:c8d3b5532fc71b7a77c09192b4a5a200ea992702734a2e9279a37f2478236f26", size = 219499 },
    { url = "https://files.pythonhosted.org/packages/50/e1/a969e687fcf9ea58e6e2a928ad5e2dd88cc12f6f0ab477e9971f2309b57c/cffi-2.0.0-cp313-cp313-musllinux_1_2_aarch64.whl", hash = "sha256:d9b29c1f0ae438d5ee9acb31cadee00a58c46cc9c0b2f9038c6b0b3470877a8c", size = 222928 },
    { url = "https://files.pythonhosted.org/packages/36/54/0362578dd2c9e557a28ac77698ed67323ed5b9775ca9d3fe73fe191bb5d8/cffi-2.0.0-cp313-cp313-musllinux_1_2_x86_64.whl", hash = "sha256:6d50360be4546678fc1b79ffe7a66265e28667840010348dd69a314145807a1b", size = 221302 },
    { url = "https://files.pythonhosted.org/packages/eb/6d/bf9bda840d5f1dfdbf0feca87fbdb64a918a69bca42cfa0ba7b137c48cb8/cffi-2.0.0-cp313-cp313-win32.whl", hash = "sha256:74a03b9698e198d47562765773b4a8309919089150a0bb17d829ad7b44b60d27", size = 172909 },
    { url = "https://files.pythonhosted.org/packages/37/18/6519e1ee6f5a1e579e04b9ddb6f1676c17368a7aba48299c3759bbc3c8b3/cffi-2.0.0-cp313-cp313-win_amd64.whl", hash = "sha256:19f705ada2530c1167abacb171925dd886168931e0a7b78f5bffcae5c6b5be75", size = 183402 },
    { url = "https://files.pythonhosted.org/packages/cb/0e/02ceeec9a7d6ee63bb596121c2c8e9b3a9e150936f4fbef6ca1943e6137c/cffi-2.0.0-cp313-cp313-win_arm64.whl", hash = "sha256:256f80b80ca3853f90c21b23ee78cd008713787b1b1e93eae9f3d6a7134abd91", size = 177780 },
    { url = "https://files.pythonhosted.org/packages/92/c4/3ce07396253a83250ee98564f8d7e9789fab8e58858f35d07a9a2c78de9f/cffi-2.0.0-cp314-cp314-macosx_10_13_x86_64.whl", hash = "sha256:fc33c5141b55ed366cfaad382df24fe7dcbc686de5be719b207bb248e3053dc5", size = 185320 },
    { url = "https://files.pythonhosted.org/packages/59/dd/27e9fa567a23931c838c6b02d0764611c62290062a6d4e8ff7863daf9730/cffi-2.0.0-cp314-cp314-macosx_11_0_arm64.whl", hash = "sha256:c654de545946e0db659b3400168c9ad31b5d29593291482c43e3564effbcee13", size = 181487 },
    { url = "https://files.pythonhosted.org/packages/d6/43/0e822876f87ea8a4ef95442c3d766a06a51fc5298823f884ef87aaad168c/cffi-2.0.0-cp314-cp314-manylinux2014_aarch64.manylinux_2_17_aarch64.whl", hash = "sha256:24b6f81f1983e6df8db3adc38562c83f7d4a0c36162885ec7f7b77c7dcbec97b", size = 220049 },
    { url = "https://files.pythonhosted.org/packages/b4/89/76799151d9c2d2d1ead63c2429da9ea9d7aac304603de0c6e8764e6e8e70/cffi-2.0.0-cp314-cp314-manylinux2014_ppc64le.manylinux_2_17_ppc64le.whl", hash = "sha256:12873ca6cb9b0f0d3a0da705d6086fe911591737a59f28b7936bdfed27c0d47c", size = 207793 },
    { url = "https://files.pythonhosted.org/packages/bb/dd/3465b14bb9e24ee24cb88c9e3730f6de63111fffe513492bf8c808a3547e/cffi-2.0.0-cp314-cp314-manylinux2014_s390x.manylinux_2_17_s390x.whl", hash = "sha256:d9b97165e8aed9272a6bb17c01e3cc5871a594a446ebedc996e2397a1c1ea8ef", size = 206300 },
    { url = "https://files.pythonhosted.org/packages/47/d9/d83e293854571c877a92da46fdec39158f8d7e68da75bf73581225d28e90/cffi-2.0.0-cp314-cp314-manylinux2014_x86_64.manylinux_2_17_x86_64.whl", hash = "sha256:afb8db5439b81cf9c9d0c80404b60c3cc9c3add93e114dcae767f1477cb53775", size = 219244 },
    { url = "https://files.pythonhosted.org/packages/2b/0f/1f177e3683aead2bb00f7679a16451d302c436b5cbf2505f0ea8146ef59e/cffi-2.0.0-cp314-cp314-musllinux_1_2_aarch64.whl", hash = "sha256:737fe7d37e1a1bffe70bd5754ea763a62a066dc5913ca57e957824b72a85e205", size = 222828 },
    { url = "https://files.pythonhosted.org/packages/c6/0f/cafacebd4b040e3119dcb32fed8bdef8dfe94da653155f9d0b9dc660166e/cffi-2.0.0-cp314-cp314-musllinux_1_2_x86_64.whl", hash = "sha256:38100abb9d1b1435bc4cc340bb4489635dc2f0da7456590877030c9b3d40b0c1", size = 220926 },
    { url = "https://files.pythonhosted.org/packages/3e/aa/df335faa45b395396fcbc03de2dfcab242cd61a9900e914fe682a59170b1/cffi-2.0.0-cp314-cp314-win32.whl", hash = "sha256:087067fa8953339c723661eda6b54bc98c5625757ea62e95eb4898ad5e776e9f", size = 175328 },
    { url = "https://files.pythonhosted.org/packages/bb/92/882c2d30831744296ce713f0feb4c1cd30f346ef747b530b5318715cc367/cffi-2.0.0-cp314-cp314-win_amd64.whl", hash = "sha256:203a48d1fb583fc7d78a4c6655692963b860a417c0528492a6bc21f1aaefab25", size = 185650 },
    { url = "https://files.pythonhosted.org/packages/9f/2c/98ece204b9d35a7366b5b2c6539c350313ca13932143e79dc133ba757104/cffi-2.0.0-cp314-cp314-win_arm64.whl", hash = "sha256:dbd5c7a25a7cb98f5ca55d258b103a2054f859a46ae11aaf23134f9cc0d356ad", size = 180687 },
    { url = "https://files.pythonhosted.org/packages/3e/61/c768e4d548bfa607abcda77423448df8c471f25dbe64fb2ef6d555eae006/cffi-2.0.0-cp314-cp314t-macosx_10_13_x86_64.whl", hash = "sha256:9a67fc9e8eb39039280526379fb3a70023d77caec1852002b4da7e8b270c4dd9", size = 188773 },
    { url = "https://files.pythonhosted.org/packages/2c/ea/5f76bce7cf6fcd0ab1a1058b5af899bfbef198bea4d5686da88471ea0336/cffi-2.0.0-cp314-cp314t-macosx_11_0_arm64.whl", hash = "sha256:7a66c7204d8869299919db4d5069a82f1561581af12b11b3c9f48c584eb8743d", size = 185013 },
    { url = "https://files.pythonhosted.org/packages/be/b4/c56878d0d1755cf9caa54ba71e5d049479c52f9e4afc230f06822162ab2f/cffi-2.0.0-cp314-cp314t-manylinux2014_aarch64.manylinux_2_17_aarch64.whl", hash = "sha256:7cc09976e8b56f8cebd752f7113ad07752461f48a58cbba644139015ac24954c", size = 221593 },
    { url = "https://files.pythonhosted.org/packages/e0/0d/eb704606dfe8033e7128df5e90fee946bbcb64a04fcdaa97321309004000/cffi-2.0.0-cp314-cp314t-manylinux2014_ppc64le.manylinux_2_17_ppc64le.whl", hash = "sha256:92b68146a71df78564e4ef48af17551a5ddd142e5190cdf2c5624d0c3ff5b2e8", size = 209354 },
    { url = "https://files.pythonhosted.org/packages/d8/19/3c435d727b368ca475fb8742ab97c9cb13a0de600ce86f62eab7fa3eea60/cffi-2.0.0-cp314-cp314t-manylinux2014_s390x.manylinux_2_17_s390x.whl", hash = "sha256:b1e74d11748e7e98e2f426ab176d4ed720a64412b6a15054378afdb71e0f37dc", size = 208480 },
    { url = "https://files.pythonhosted.org/packages/d0/44/681604464ed9541673e486521497406fadcc15b5217c3e326b061696899a/cffi-2.0.0-cp314-cp314t-manylinux2014_x86_64.manylinux_2_17_x86_64.whl", hash = "sha256:28a3a209b96630bca57cce802da70c266eb08c6e97e5afd61a75611ee6c64592", size = 221584 },
    { url = "https://files.pythonhosted.org/packages/25/8e/342a504ff018a2825d395d44d63a767dd8ebc927ebda557fecdaca3ac33a/cffi-2.0.0-cp314-cp314t-musllinux_1_2_aarch64.whl", hash = "sha256:7553fb2090d71822f02c629afe6042c299edf91ba1bf94951165613553984512", size = 224443 },
    { url = "https://files.pythonhosted.org/packages/e1/5e/b666bacbbc60fbf415ba9988324a132c9a7a0448a9a8f125074671c0f2c3/cffi-2.0.0-cp314-cp314t-musllinux_1_2_x86_64.whl", hash = "sha256:6c6c373cfc5c83a975506110d17457138c8c63016b563cc9ed6e056a82f13ce4", size = 223437 },
    { url = "https://files.pythonhosted.org/packages/a0/1d/ec1a60bd1a10daa292d3cd6bb0b359a81607154fb8165f3ec95fe003b85c/cffi-2.0.0-cp314-cp314t-win32.whl", hash = "sha256:1fc9ea04857caf665289b7a75923f2c6ed559b8298a1b8c49e59f7dd95c8481e", size = 180487 },
    { url = "https://files.pythonhosted.org/packages/bf/41/4c1168c74fac325c0c8156f04b6749c8b6a8f405bbf91413ba088359f60d/cffi-2.0.0-cp314-cp314t-win_amd64.whl", hash = "sha256:d68b6cef7827e8641e8ef16f4494edda8b36104d79773a334beaa1e3521430f6", size = 191726 },
    { url = "https://files.pythonhosted.org/packages/ae/3a/dbeec9d1ee0844c679f6bb5d6ad4e9f198b1224f4e7a32825f47f6192b0c/cffi-2.0.0-cp314-cp314t-win_arm64.whl", hash = "sha256:0a1527a803f0a659de1af2e1fd700213caba79377e27e4693648c2923da066f9", size = 184195 },
]

[[package]]
name = "colorama"
version = "0.4.6"
source = { registry = "https://pypi.org/simple" }
sdist = { url = "https://files.pythonhosted.org/packages/d8/53/6f443c9a4a8358a93a6792e2acffb9d9d5cb0a5cfd8802644b7b1c9a02e4/colorama-0.4.6.tar.gz", hash = "sha256:08695f5cb7ed6e0531a20572697297273c47b8cae5a63ffc6d6ed5c201be6e44", size = 27697 }
wheels = [
    { url = "https://files.pythonhosted.org/packages/d1/d6/3965ed04c63042e047cb6a3e6ed1a63a35087b6a609aa3a15ed8ac56c221/colorama-0.4.6-py2.py3-none-any.whl", hash = "sha256:4f1d9991f5acc0ca119f9d443620b77f9d6b33703e51011c16baf57afb285fc6", size = 25335 },
]

[[package]]
name = "cryptography"
version = "46.0.2"
source = { registry = "https://pypi.org/simple" }
dependencies = [
    { name = "cffi", marker = "platform_python_implementation != 'PyPy'" },
]
sdist = { url = "https://files.pythonhosted.org/packages/4a/9b/e301418629f7bfdf72db9e80ad6ed9d1b83c487c471803eaa6464c511a01/cryptography-46.0.2.tar.gz", hash = "sha256:21b6fc8c71a3f9a604f028a329e5560009cc4a3a828bfea5fcba8eb7647d88fe", size = 749293 }
wheels = [
    { url = "https://files.pythonhosted.org/packages/e0/98/7a8df8c19a335c8028414738490fc3955c0cecbfdd37fcc1b9c3d04bd561/cryptography-46.0.2-cp311-abi3-macosx_10_9_universal2.whl", hash = "sha256:f3e32ab7dd1b1ef67b9232c4cf5e2ee4cd517d4316ea910acaaa9c5712a1c663", size = 7261255 },
    { url = "https://files.pythonhosted.org/packages/c6/38/b2adb2aa1baa6706adc3eb746691edd6f90a656a9a65c3509e274d15a2b8/cryptography-46.0.2-cp311-abi3-manylinux2014_aarch64.manylinux_2_17_aarch64.whl", hash = "sha256:1fd1a69086926b623ef8126b4c33d5399ce9e2f3fac07c9c734c2a4ec38b6d02", size = 4297596 },
    { url = "https://files.pythonhosted.org/packages/e4/27/0f190ada240003119488ae66c897b5e97149292988f556aef4a6a2a57595/cryptography-46.0.2-cp311-abi3-manylinux2014_x86_64.manylinux_2_17_x86_64.whl", hash = "sha256:bb7fb9cd44c2582aa5990cf61a4183e6f54eea3172e54963787ba47287edd135", size = 4450899 },
    { url = "https://files.pythonhosted.org/packages/85/d5/e4744105ab02fdf6bb58ba9a816e23b7a633255987310b4187d6745533db/cryptography-46.0.2-cp311-abi3-manylinux_2_28_aarch64.whl", hash = "sha256:9066cfd7f146f291869a9898b01df1c9b0e314bfa182cef432043f13fc462c92", size = 4300382 },
    { url = "https://files.pythonhosted.org/packages/33/fb/bf9571065c18c04818cb07de90c43fc042c7977c68e5de6876049559c72f/cryptography-46.0.2-cp311-abi3-manylinux_2_28_armv7l.manylinux_2_31_armv7l.whl", hash = "sha256:97e83bf4f2f2c084d8dd792d13841d0a9b241643151686010866bbd076b19659", size = 4017347 },
    { url = "https://files.pythonhosted.org/packages/35/72/fc51856b9b16155ca071080e1a3ad0c3a8e86616daf7eb018d9565b99baa/cryptography-46.0.2-cp311-abi3-manylinux_2_28_ppc64le.whl", hash = "sha256:4a766d2a5d8127364fd936572c6e6757682fc5dfcbdba1632d4554943199f2fa", size = 4983500 },
    { url = "https://files.pythonhosted.org/packages/c1/53/0f51e926799025e31746d454ab2e36f8c3f0d41592bc65cb9840368d3275/cryptography-46.0.2-cp311-abi3-manylinux_2_28_x86_64.whl", hash = "sha256:fab8f805e9675e61ed8538f192aad70500fa6afb33a8803932999b1049363a08", size = 4482591 },
    { url = "https://files.pythonhosted.org/packages/86/96/4302af40b23ab8aa360862251fb8fc450b2a06ff24bc5e261c2007f27014/cryptography-46.0.2-cp311-abi3-manylinux_2_34_aarch64.whl", hash = "sha256:1e3b6428a3d56043bff0bb85b41c535734204e599c1c0977e1d0f261b02f3ad5", size = 4300019 },
    { url = "https://files.pythonhosted.org/packages/9b/59/0be12c7fcc4c5e34fe2b665a75bc20958473047a30d095a7657c218fa9e8/cryptography-46.0.2-cp311-abi3-manylinux_2_34_ppc64le.whl", hash = "sha256:1a88634851d9b8de8bb53726f4300ab191d3b2f42595e2581a54b26aba71b7cc", size = 4950006 },
    { url = "https://files.pythonhosted.org/packages/55/1d/42fda47b0111834b49e31590ae14fd020594d5e4dadd639bce89ad790fba/cryptography-46.0.2-cp311-abi3-manylinux_2_34_x86_64.whl", hash = "sha256:be939b99d4e091eec9a2bcf41aaf8f351f312cd19ff74b5c83480f08a8a43e0b", size = 4482088 },
    { url = "https://files.pythonhosted.org/packages/17/50/60f583f69aa1602c2bdc7022dae86a0d2b837276182f8c1ec825feb9b874/cryptography-46.0.2-cp311-abi3-musllinux_1_2_aarch64.whl", hash = "sha256:9f13b040649bc18e7eb37936009b24fd31ca095a5c647be8bb6aaf1761142bd1", size = 4425599 },
    { url = "https://files.pythonhosted.org/packages/d1/57/d8d4134cd27e6e94cf44adb3f3489f935bde85f3a5508e1b5b43095b917d/cryptography-46.0.2-cp311-abi3-musllinux_1_2_x86_64.whl", hash = "sha256:9bdc25e4e01b261a8fda4e98618f1c9515febcecebc9566ddf4a70c63967043b", size = 4697458 },
    { url = "https://files.pythonhosted.org/packages/d1/2b/531e37408573e1da33adfb4c58875013ee8ac7d548d1548967d94a0ae5c4/cryptography-46.0.2-cp311-abi3-win32.whl", hash = "sha256:8b9bf67b11ef9e28f4d78ff88b04ed0929fcd0e4f70bb0f704cfc32a5c6311ee", size = 3056077 },
    { url = "https://files.pythonhosted.org/packages/a8/cd/2f83cafd47ed2dc5a3a9c783ff5d764e9e70d3a160e0df9a9dcd639414ce/cryptography-46.0.2-cp311-abi3-win_amd64.whl", hash = "sha256:758cfc7f4c38c5c5274b55a57ef1910107436f4ae842478c4989abbd24bd5acb", size = 3512585 },
    { url = "https://files.pythonhosted.org/packages/00/36/676f94e10bfaa5c5b86c469ff46d3e0663c5dc89542f7afbadac241a3ee4/cryptography-46.0.2-cp311-abi3-win_arm64.whl", hash = "sha256:218abd64a2e72f8472c2102febb596793347a3e65fafbb4ad50519969da44470", size = 2927474 },
    { url = "https://files.pythonhosted.org/packages/6f/cc/47fc6223a341f26d103cb6da2216805e08a37d3b52bee7f3b2aee8066f95/cryptography-46.0.2-cp314-cp314t-macosx_10_9_universal2.whl", hash = "sha256:bda55e8dbe8533937956c996beaa20266a8eca3570402e52ae52ed60de1faca8", size = 7198626 },
    { url = "https://files.pythonhosted.org/packages/93/22/d66a8591207c28bbe4ac7afa25c4656dc19dc0db29a219f9809205639ede/cryptography-46.0.2-cp314-cp314t-manylinux2014_aarch64.manylinux_2_17_aarch64.whl", hash = "sha256:e7155c0b004e936d381b15425273aee1cebc94f879c0ce82b0d7fecbf755d53a", size = 4287584 },
    { url = "https://files.pythonhosted.org/packages/8c/3e/fac3ab6302b928e0398c269eddab5978e6c1c50b2b77bb5365ffa8633b37/cryptography-46.0.2-cp314-cp314t-manylinux2014_x86_64.manylinux_2_17_x86_64.whl", hash = "sha256:a61c154cc5488272a6c4b86e8d5beff4639cdb173d75325ce464d723cda0052b", size = 4433796 },
    { url = "https://files.pythonhosted.org/packages/7d/d8/24392e5d3c58e2d83f98fe5a2322ae343360ec5b5b93fe18bc52e47298f5/cryptography-46.0.2-cp314-cp314t-manylinux_2_28_aarch64.whl", hash = "sha256:9ec3f2e2173f36a9679d3b06d3d01121ab9b57c979de1e6a244b98d51fea1b20", size = 4292126 },
    { url = "https://files.pythonhosted.org/packages/ed/38/3d9f9359b84c16c49a5a336ee8be8d322072a09fac17e737f3bb11f1ce64/cryptography-46.0.2-cp314-cp314t-manylinux_2_28_armv7l.manylinux_2_31_armv7l.whl", hash = "sha256:2fafb6aa24e702bbf74de4cb23bfa2c3beb7ab7683a299062b69724c92e0fa73", size = 3993056 },
    { url = "https://files.pythonhosted.org/packages/d6/a3/4c44fce0d49a4703cc94bfbe705adebf7ab36efe978053742957bc7ec324/cryptography-46.0.2-cp314-cp314t-manylinux_2_28_ppc64le.whl", hash = "sha256:0c7ffe8c9b1fcbb07a26d7c9fa5e857c2fe80d72d7b9e0353dcf1d2180ae60ee", size = 4967604 },
    { url = "https://files.pythonhosted.org/packages/eb/c2/49d73218747c8cac16bb8318a5513fde3129e06a018af3bc4dc722aa4a98/cryptography-46.0.2-cp314-cp314t-manylinux_2_28_x86_64.whl", hash = "sha256:5840f05518caa86b09d23f8b9405a7b6d5400085aa14a72a98fdf5cf1568c0d2", size = 4465367 },
    { url = "https://files.pythonhosted.org/packages/1b/64/9afa7d2ee742f55ca6285a54386ed2778556a4ed8871571cb1c1bfd8db9e/cryptography-46.0.2-cp314-cp314t-manylinux_2_34_aarch64.whl", hash = "sha256:27c53b4f6a682a1b645fbf1cd5058c72cf2f5aeba7d74314c36838c7cbc06e0f", size = 4291678 },
    { url = "https://files.pythonhosted.org/packages/50/48/1696d5ea9623a7b72ace87608f6899ca3c331709ac7ebf80740abb8ac673/cryptography-46.0.2-cp314-cp314t-manylinux_2_34_ppc64le.whl", hash = "sha256:512c0250065e0a6b286b2db4bbcc2e67d810acd53eb81733e71314340366279e", size = 4931366 },
    { url = "https://files.pythonhosted.org/packages/eb/3c/9dfc778401a334db3b24435ee0733dd005aefb74afe036e2d154547cb917/cryptography-46.0.2-cp314-cp314t-manylinux_2_34_x86_64.whl", hash = "sha256:07c0eb6657c0e9cca5891f4e35081dbf985c8131825e21d99b4f440a8f496f36", size = 4464738 },
    { url = "https://files.pythonhosted.org/packages/dc/b1/abcde62072b8f3fd414e191a6238ce55a0050e9738090dc6cded24c12036/cryptography-46.0.2-cp314-cp314t-musllinux_1_2_aarch64.whl", hash = "sha256:48b983089378f50cba258f7f7aa28198c3f6e13e607eaf10472c26320332ca9a", size = 4419305 },
    { url = "https://files.pythonhosted.org/packages/c7/1f/3d2228492f9391395ca34c677e8f2571fb5370fe13dc48c1014f8c509864/cryptography-46.0.2-cp314-cp314t-musllinux_1_2_x86_64.whl", hash = "sha256:e6f6775eaaa08c0eec73e301f7592f4367ccde5e4e4df8e58320f2ebf161ea2c", size = 4681201 },
    { url = "https://files.pythonhosted.org/packages/de/77/b687745804a93a55054f391528fcfc76c3d6bfd082ce9fb62c12f0d29fc1/cryptography-46.0.2-cp314-cp314t-win32.whl", hash = "sha256:e8633996579961f9b5a3008683344c2558d38420029d3c0bc7ff77c17949a4e1", size = 3022492 },
    { url = "https://files.pythonhosted.org/packages/60/a5/8d498ef2996e583de0bef1dcc5e70186376f00883ae27bf2133f490adf21/cryptography-46.0.2-cp314-cp314t-win_amd64.whl", hash = "sha256:48c01988ecbb32979bb98731f5c2b2f79042a6c58cc9a319c8c2f9987c7f68f9", size = 3496215 },
    { url = "https://files.pythonhosted.org/packages/56/db/ee67aaef459a2706bc302b15889a1a8126ebe66877bab1487ae6ad00f33d/cryptography-46.0.2-cp314-cp314t-win_arm64.whl", hash = "sha256:8e2ad4d1a5899b7caa3a450e33ee2734be7cc0689010964703a7c4bcc8dd4fd0", size = 2919255 },
    { url = "https://files.pythonhosted.org/packages/d5/bb/fa95abcf147a1b0bb94d95f53fbb09da77b24c776c5d87d36f3d94521d2c/cryptography-46.0.2-cp38-abi3-macosx_10_9_universal2.whl", hash = "sha256:a08e7401a94c002e79dc3bc5231b6558cd4b2280ee525c4673f650a37e2c7685", size = 7248090 },
    { url = "https://files.pythonhosted.org/packages/b7/66/f42071ce0e3ffbfa80a88feadb209c779fda92a23fbc1e14f74ebf72ef6b/cryptography-46.0.2-cp38-abi3-manylinux2014_aarch64.manylinux_2_17_aarch64.whl", hash = "sha256:d30bc11d35743bf4ddf76674a0a369ec8a21f87aaa09b0661b04c5f6c46e8d7b", size = 4293123 },
    { url = "https://files.pythonhosted.org/packages/a8/5d/1fdbd2e5c1ba822828d250e5a966622ef00185e476d1cd2726b6dd135e53/cryptography-46.0.2-cp38-abi3-manylinux2014_x86_64.manylinux_2_17_x86_64.whl", hash = "sha256:bca3f0ce67e5a2a2cf524e86f44697c4323a86e0fd7ba857de1c30d52c11ede1", size = 4439524 },
    { url = "https://files.pythonhosted.org/packages/c8/c1/5e4989a7d102d4306053770d60f978c7b6b1ea2ff8c06e0265e305b23516/cryptography-46.0.2-cp38-abi3-manylinux_2_28_aarch64.whl", hash = "sha256:ff798ad7a957a5021dcbab78dfff681f0cf15744d0e6af62bd6746984d9c9e9c", size = 4297264 },
    { url = "https://files.pythonhosted.org/packages/28/78/b56f847d220cb1d6d6aef5a390e116ad603ce13a0945a3386a33abc80385/cryptography-46.0.2-cp38-abi3-manylinux_2_28_armv7l.manylinux_2_31_armv7l.whl", hash = "sha256:cb5e8daac840e8879407acbe689a174f5ebaf344a062f8918e526824eb5d97af", size = 4011872 },
    { url = "https://files.pythonhosted.org/packages/e1/80/2971f214b066b888944f7b57761bf709ee3f2cf805619a18b18cab9b263c/cryptography-46.0.2-cp38-abi3-manylinux_2_28_ppc64le.whl", hash = "sha256:3f37aa12b2d91e157827d90ce78f6180f0c02319468a0aea86ab5a9566da644b", size = 4978458 },
    { url = "https://files.pythonhosted.org/packages/a5/84/0cb0a2beaa4f1cbe63ebec4e97cd7e0e9f835d0ba5ee143ed2523a1e0016/cryptography-46.0.2-cp38-abi3-manylinux_2_28_x86_64.whl", hash = "sha256:5e38f203160a48b93010b07493c15f2babb4e0f2319bbd001885adb3f3696d21", size = 4472195 },
    { url = "https://files.pythonhosted.org/packages/30/8b/2b542ddbf78835c7cd67b6fa79e95560023481213a060b92352a61a10efe/cryptography-46.0.2-cp38-abi3-manylinux_2_34_aarch64.whl", hash = "sha256:d19f5f48883752b5ab34cff9e2f7e4a7f216296f33714e77d1beb03d108632b6", size = 4296791 },
    { url = "https://files.pythonhosted.org/packages/78/12/9065b40201b4f4876e93b9b94d91feb18de9150d60bd842a16a21565007f/cryptography-46.0.2-cp38-abi3-manylinux_2_34_ppc64le.whl", hash = "sha256:04911b149eae142ccd8c9a68892a70c21613864afb47aba92d8c7ed9cc001023", size = 4939629 },
    { url = "https://files.pythonhosted.org/packages/f6/9e/6507dc048c1b1530d372c483dfd34e7709fc542765015425f0442b08547f/cryptography-46.0.2-cp38-abi3-manylinux_2_34_x86_64.whl", hash = "sha256:8b16c1ede6a937c291d41176934268e4ccac2c6521c69d3f5961c5a1e11e039e", size = 4471988 },
    { url = "https://files.pythonhosted.org/packages/b1/86/d025584a5f7d5c5ec8d3633dbcdce83a0cd579f1141ceada7817a4c26934/cryptography-46.0.2-cp38-abi3-musllinux_1_2_aarch64.whl", hash = "sha256:747b6f4a4a23d5a215aadd1d0b12233b4119c4313df83ab4137631d43672cc90", size = 4422989 },
    { url = "https://files.pythonhosted.org/packages/4b/39/536370418b38a15a61bbe413006b79dfc3d2b4b0eafceb5581983f973c15/cryptography-46.0.2-cp38-abi3-musllinux_1_2_x86_64.whl", hash = "sha256:6b275e398ab3a7905e168c036aad54b5969d63d3d9099a0a66cc147a3cc983be", size = 4685578 },
    { url = "https://files.pythonhosted.org/packages/15/52/ea7e2b1910f547baed566c866fbb86de2402e501a89ecb4871ea7f169a81/cryptography-46.0.2-cp38-abi3-win32.whl", hash = "sha256:0b507c8e033307e37af61cb9f7159b416173bdf5b41d11c4df2e499a1d8e007c", size = 3036711 },
    { url = "https://files.pythonhosted.org/packages/71/9e/171f40f9c70a873e73c2efcdbe91e1d4b1777a03398fa1c4af3c56a2477a/cryptography-46.0.2-cp38-abi3-win_amd64.whl", hash = "sha256:f9b2dc7668418fb6f221e4bf701f716e05e8eadb4f1988a2487b11aedf8abe62", size = 3500007 },
    { url = "https://files.pythonhosted.org/packages/3e/7c/15ad426257615f9be8caf7f97990cf3dcbb5b8dd7ed7e0db581a1c4759dd/cryptography-46.0.2-cp38-abi3-win_arm64.whl", hash = "sha256:91447f2b17e83c9e0c89f133119d83f94ce6e0fb55dd47da0a959316e6e9cfa1", size = 2918153 },
]

[[package]]
name = "i18nice"
version = "0.16.0"
source = { registry = "https://pypi.org/simple" }
sdist = { url = "https://files.pythonhosted.org/packages/47/bf/c4d9528786ac0177e86290f53e67e1365840959edb10cbc7575d149e3f8d/i18nice-0.16.0.tar.gz", hash = "sha256:8e90d042436f4bf0cdf9ab6869eb70946eba094f58121020c350996e45b0be89", size = 22371 }
wheels = [
    { url = "https://files.pythonhosted.org/packages/7a/b7/633dcdb800b54501f717b80776f9541d2b3fcffea1c11339fc0074acef5e/i18nice-0.16.0-py3-none-any.whl", hash = "sha256:a8d4c70e8c1b28f867b8a901226fa8c67ab3075b29744e6274cfa2c208fe34fe", size = 19753 },
]

[[package]]
name = "iniconfig"
version = "2.1.0"
source = { registry = "https://pypi.org/simple" }
sdist = { url = "https://files.pythonhosted.org/packages/f2/97/ebf4da567aa6827c909642694d71c9fcf53e5b504f2d96afea02718862f3/iniconfig-2.1.0.tar.gz", hash = "sha256:3abbd2e30b36733fee78f9c7f7308f2d0050e88f0087fd25c2645f63c773e1c7", size = 4793 }
wheels = [
    { url = "https://files.pythonhosted.org/packages/2c/e1/e6716421ea10d38022b952c159d5161ca1193197fb744506875fbb87ea7b/iniconfig-2.1.0-py3-none-any.whl", hash = "sha256:9deba5723312380e77435581c6bf4935c94cbfab9b1ed33ef8d238ea168eb760", size = 6050 },
]

[[package]]
name = "mistune"
version = "3.1.4"
source = { registry = "https://pypi.org/simple" }
sdist = { url = "https://files.pythonhosted.org/packages/d7/02/a7fb8b21d4d55ac93cdcde9d3638da5dd0ebdd3a4fed76c7725e10b81cbe/mistune-3.1.4.tar.gz", hash = "sha256:b5a7f801d389f724ec702840c11d8fc48f2b33519102fc7ee739e8177b672164", size = 94588 }
wheels = [
    { url = "https://files.pythonhosted.org/packages/7a/f0/8282d9641415e9e33df173516226b404d367a0fc55e1a60424a152913abc/mistune-3.1.4-py3-none-any.whl", hash = "sha256:93691da911e5d9d2e23bc54472892aff676df27a75274962ff9edc210364266d", size = 53481 },
]

[[package]]
name = "objectlistview3"
version = "1.3.5"
source = { registry = "https://pypi.org/simple" }
sdist = { url = "https://files.pythonhosted.org/packages/29/d9/a396aad2cb02fa1b55c0bcc0153b62ef17498110fa6d4357a4d9a6f9382a/objectlistview3-1.3.5.tar.gz", hash = "sha256:3684b653a8a7aa0586df9b0436e3e86d15648502bdc567442209628fc9f5b20b", size = 2300724 }
wheels = [
    { url = "https://files.pythonhosted.org/packages/aa/3d/e3bca34a8a043bf2450c1c43a8e60772360324972df45cd6ab80bafa6e79/ObjectListView3-1.3.5-py3-none-any.whl", hash = "sha256:01841a78f2dc529b7fec09ef09a611f52e81fce7ee1a03c1806663331343a04a", size = 82520 },
]

[[package]]
name = "packaging"
version = "25.0"
source = { registry = "https://pypi.org/simple" }
sdist = { url = "https://files.pythonhosted.org/packages/a1/d4/1fc4078c65507b51b96ca8f8c3ba19e6a61c8253c72794544580a7b6c24d/packaging-25.0.tar.gz", hash = "sha256:d443872c98d677bf60f6a1f2f8c1cb748e8fe762d2bf9d3148b5599295b0fc4f", size = 165727 }
wheels = [
    { url = "https://files.pythonhosted.org/packages/20/12/38679034af332785aac8774540895e234f4d07f7545804097de4b666afd8/packaging-25.0-py3-none-any.whl", hash = "sha256:29572ef2b1f17581046b3a2227d5c611fb25ec70ca1ba8554b24b0e69331a484", size = 66469 },
]

[[package]]
name = "pluggy"
version = "1.6.0"
source = { registry = "https://pypi.org/simple" }
sdist = { url = "https://files.pythonhosted.org/packages/f9/e2/3e91f31a7d2b083fe6ef3fa267035b518369d9511ffab804f839851d2779/pluggy-1.6.0.tar.gz", hash = "sha256:7dcc130b76258d33b90f61b658791dede3486c3e6bfb003ee5c9bfb396dd22f3", size = 69412 }
wheels = [
    { url = "https://files.pythonhosted.org/packages/54/20/4d324d65cc6d9205fabedc306948156824eb9f0ee1633355a8f7ec5c66bf/pluggy-1.6.0-py3-none-any.whl", hash = "sha256:e920276dd6813095e9377c0bc5566d94c932c33b27a3e3945d8389c374dd4746", size = 20538 },
]

[[package]]
name = "pycparser"
version = "2.23"
source = { registry = "https://pypi.org/simple" }
sdist = { url = "https://files.pythonhosted.org/packages/fe/cf/d2d3b9f5699fb1e4615c8e32ff220203e43b248e1dfcc6736ad9057731ca/pycparser-2.23.tar.gz", hash = "sha256:78816d4f24add8f10a06d6f05b4d424ad9e96cfebf68a4ddc99c65c0720d00c2", size = 173734 }
wheels = [
    { url = "https://files.pythonhosted.org/packages/a0/e3/59cd50310fc9b59512193629e1984c1f95e5c8ae6e5d8c69532ccc65a7fe/pycparser-2.23-py3-none-any.whl", hash = "sha256:e5c6e8d3fbad53479cab09ac03729e0a9faf2bee3db8208a550daf5af81a5934", size = 118140 },
]

[[package]]
name = "pygments"
version = "2.19.2"
source = { registry = "https://pypi.org/simple" }
sdist = { url = "https://files.pythonhosted.org/packages/b0/77/a5b8c569bf593b0140bde72ea885a803b82086995367bf2037de0159d924/pygments-2.19.2.tar.gz", hash = "sha256:636cb2477cec7f8952536970bc533bc43743542f70392ae026374600add5b887", size = 4968631 }
wheels = [
    { url = "https://files.pythonhosted.org/packages/c7/21/705964c7812476f378728bdf590ca4b771ec72385c533964653c68e86bdc/pygments-2.19.2-py3-none-any.whl", hash = "sha256:86540386c03d588bb81d44bc3928634ff26449851e99741617ecb9037ee5ec0b", size = 1225217 },
]

[[package]]
name = "pyotp"
version = "2.9.0"
source = { registry = "https://pypi.org/simple" }
sdist = { url = "https://files.pythonhosted.org/packages/f3/b2/1d5994ba2acde054a443bd5e2d384175449c7d2b6d1a0614dbca3a63abfc/pyotp-2.9.0.tar.gz", hash = "sha256:346b6642e0dbdde3b4ff5a930b664ca82abfa116356ed48cc42c7d6590d36f63", size = 17763 }
wheels = [
    { url = "https://files.pythonhosted.org/packages/c3/c0/c33c8792c3e50193ef55adb95c1c3c2786fe281123291c2dbf0eaab95a6f/pyotp-2.9.0-py3-none-any.whl", hash = "sha256:81c2e5865b8ac55e825b0358e496e1d9387c811e85bb40e71a3b29b288963612", size = 13376 },
]

[[package]]
name = "pyperclip"
version = "1.11.0"
source = { registry = "https://pypi.org/simple" }
sdist = { url = "https://files.pythonhosted.org/packages/e8/52/d87eba7cb129b81563019d1679026e7a112ef76855d6159d24754dbd2a51/pyperclip-1.11.0.tar.gz", hash = "sha256:244035963e4428530d9e3a6101a1ef97209c6825edab1567beac148ccc1db1b6", size = 12185 }
wheels = [
    { url = "https://files.pythonhosted.org/packages/df/80/fc9d01d5ed37ba4c42ca2b55b4339ae6e200b456be3a1aaddf4a9fa99b8c/pyperclip-1.11.0-py3-none-any.whl", hash = "sha256:299403e9ff44581cb9ba2ffeed69c7aa96a008622ad0c46cb575ca75b5b84273", size = 11063 },
]

[[package]]
name = "pytest"
version = "8.4.2"
source = { registry = "https://pypi.org/simple" }
dependencies = [
    { name = "colorama", marker = "sys_platform == 'win32'" },
    { name = "iniconfig" },
    { name = "packaging" },
    { name = "pluggy" },
    { name = "pygments" },
]
sdist = { url = "https://files.pythonhosted.org/packages/a3/5c/00a0e072241553e1a7496d638deababa67c5058571567b92a7eaa258397c/pytest-8.4.2.tar.gz", hash = "sha256:86c0d0b93306b961d58d62a4db4879f27fe25513d4b969df351abdddb3c30e01", size = 1519618 }
wheels = [
    { url = "https://files.pythonhosted.org/packages/a8/a4/20da314d277121d6534b3a980b29035dcd51e6744bd79075a6ce8fa4eb8d/pytest-8.4.2-py3-none-any.whl", hash = "sha256:872f880de3fc3a5bdc88a11b39c9710c3497a547cfa9320bc3c5e62fbf272e79", size = 365750 },
]

[[package]]
name = "ruff"
version = "0.13.2"
source = { registry = "https://pypi.org/simple" }
sdist = { url = "https://files.pythonhosted.org/packages/02/df/8d7d8c515d33adfc540e2edf6c6021ea1c5a58a678d8cfce9fae59aabcab/ruff-0.13.2.tar.gz", hash = "sha256:cb12fffd32fb16d32cef4ed16d8c7cdc27ed7c944eaa98d99d01ab7ab0b710ff", size = 5416417 }
wheels = [
    { url = "https://files.pythonhosted.org/packages/6e/84/5716a7fa4758e41bf70e603e13637c42cfb9dbf7ceb07180211b9bbf75ef/ruff-0.13.2-py3-none-linux_armv6l.whl", hash = "sha256:3796345842b55f033a78285e4f1641078f902020d8450cade03aad01bffd81c3", size = 12343254 },
    { url = "https://files.pythonhosted.org/packages/9b/77/c7042582401bb9ac8eff25360e9335e901d7a1c0749a2b28ba4ecb239991/ruff-0.13.2-py3-none-macosx_10_12_x86_64.whl", hash = "sha256:ff7e4dda12e683e9709ac89e2dd436abf31a4d8a8fc3d89656231ed808e231d2", size = 13040891 },
    { url = "https://files.pythonhosted.org/packages/c6/15/125a7f76eb295cb34d19c6778e3a82ace33730ad4e6f28d3427e134a02e0/ruff-0.13.2-py3-none-macosx_11_0_arm64.whl", hash = "sha256:c75e9d2a2fafd1fdd895d0e7e24b44355984affdde1c412a6f6d3f6e16b22d46", size = 12243588 },
    { url = "https://files.pythonhosted.org/packages/9e/eb/0093ae04a70f81f8be7fd7ed6456e926b65d238fc122311293d033fdf91e/ruff-0.13.2-py3-none-manylinux_2_17_aarch64.manylinux2014_aarch64.whl", hash = "sha256:cceac74e7bbc53ed7d15d1042ffe7b6577bf294611ad90393bf9b2a0f0ec7cb6", size = 12491359 },
    { url = "https://files.pythonhosted.org/packages/43/fe/72b525948a6956f07dad4a6f122336b6a05f2e3fd27471cea612349fedb9/ruff-0.13.2-py3-none-manylinux_2_17_armv7l.manylinux2014_armv7l.whl", hash = "sha256:6ae3f469b5465ba6d9721383ae9d49310c19b452a161b57507764d7ef15f4b07", size = 12162486 },
    { url = "https://files.pythonhosted.org/packages/6a/e3/0fac422bbbfb2ea838023e0d9fcf1f30183d83ab2482800e2cb892d02dfe/ruff-0.13.2-py3-none-manylinux_2_17_i686.manylinux2014_i686.whl", hash = "sha256:4f8f9e3cd6714358238cd6626b9d43026ed19c0c018376ac1ef3c3a04ffb42d8", size = 13871203 },
    { url = "https://files.pythonhosted.org/packages/6b/82/b721c8e3ec5df6d83ba0e45dcf00892c4f98b325256c42c38ef136496cbf/ruff-0.13.2-py3-none-manylinux_2_17_ppc64.manylinux2014_ppc64.whl", hash = "sha256:c6ed79584a8f6cbe2e5d7dbacf7cc1ee29cbdb5df1172e77fbdadc8bb85a1f89", size = 14929635 },
    { url = "https://files.pythonhosted.org/packages/c4/a0/ad56faf6daa507b83079a1ad7a11694b87d61e6bf01c66bd82b466f21821/ruff-0.13.2-py3-none-manylinux_2_17_ppc64le.manylinux2014_ppc64le.whl", hash = "sha256:aed130b2fde049cea2019f55deb939103123cdd191105f97a0599a3e753d61b0", size = 14338783 },
    { url = "https://files.pythonhosted.org/packages/47/77/ad1d9156db8f99cd01ee7e29d74b34050e8075a8438e589121fcd25c4b08/ruff-0.13.2-py3-none-manylinux_2_17_s390x.manylinux2014_s390x.whl", hash = "sha256:1887c230c2c9d65ed1b4e4cfe4d255577ea28b718ae226c348ae68df958191aa", size = 13355322 },
    { url = "https://files.pythonhosted.org/packages/64/8b/e87cfca2be6f8b9f41f0bb12dc48c6455e2d66df46fe61bb441a226f1089/ruff-0.13.2-py3-none-manylinux_2_17_x86_64.manylinux2014_x86_64.whl", hash = "sha256:5bcb10276b69b3cfea3a102ca119ffe5c6ba3901e20e60cf9efb53fa417633c3", size = 13354427 },
    { url = "https://files.pythonhosted.org/packages/7f/df/bf382f3fbead082a575edb860897287f42b1b3c694bafa16bc9904c11ed3/ruff-0.13.2-py3-none-manylinux_2_31_riscv64.whl", hash = "sha256:afa721017aa55a555b2ff7944816587f1cb813c2c0a882d158f59b832da1660d", size = 13537637 },
    { url = "https://files.pythonhosted.org/packages/51/70/1fb7a7c8a6fc8bd15636288a46e209e81913b87988f26e1913d0851e54f4/ruff-0.13.2-py3-none-musllinux_1_2_aarch64.whl", hash = "sha256:1dbc875cf3720c64b3990fef8939334e74cb0ca65b8dbc61d1f439201a38101b", size = 12340025 },
    { url = "https://files.pythonhosted.org/packages/4c/27/1e5b3f1c23ca5dd4106d9d580e5c13d9acb70288bff614b3d7b638378cc9/ruff-0.13.2-py3-none-musllinux_1_2_armv7l.whl", hash = "sha256:5b939a1b2a960e9742e9a347e5bbc9b3c3d2c716f86c6ae273d9cbd64f193f22", size = 12133449 },
    { url = "https://files.pythonhosted.org/packages/2d/09/b92a5ccee289f11ab128df57d5911224197d8d55ef3bd2043534ff72ca54/ruff-0.13.2-py3-none-musllinux_1_2_i686.whl", hash = "sha256:50e2d52acb8de3804fc5f6e2fa3ae9bdc6812410a9e46837e673ad1f90a18736", size = 13051369 },
    { url = "https://files.pythonhosted.org/packages/89/99/26c9d1c7d8150f45e346dc045cc49f23e961efceb4a70c47dea0960dea9a/ruff-0.13.2-py3-none-musllinux_1_2_x86_64.whl", hash = "sha256:3196bc13ab2110c176b9a4ae5ff7ab676faaa1964b330a1383ba20e1e19645f2", size = 13523644 },
    { url = "https://files.pythonhosted.org/packages/f7/00/e7f1501e81e8ec290e79527827af1d88f541d8d26151751b46108978dade/ruff-0.13.2-py3-none-win32.whl", hash = "sha256:7c2a0b7c1e87795fec3404a485096bcd790216c7c146a922d121d8b9c8f1aaac", size = 12245990 },
    { url = "https://files.pythonhosted.org/packages/ee/bd/d9f33a73de84fafd0146c6fba4f497c4565fe8fa8b46874b8e438869abc2/ruff-0.13.2-py3-none-win_amd64.whl", hash = "sha256:17d95fb32218357c89355f6f6f9a804133e404fc1f65694372e02a557edf8585", size = 13324004 },
    { url = "https://files.pythonhosted.org/packages/c3/12/28fa2f597a605884deb0f65c1b1ae05111051b2a7030f5d8a4ff7f4599ba/ruff-0.13.2-py3-none-win_arm64.whl", hash = "sha256:da711b14c530412c827219312b7d7fbb4877fb31150083add7e8c5336549cea7", size = 12484437 },
]

[[package]]
name = "simple-otp"
version = "0.1.0"
source = { editable = "." }
dependencies = [
    { name = "cryptography" },
    { name = "i18nice" },
    { name = "mistune" },
    { name = "objectlistview3" },
    { name = "pyotp" },
    { name = "pyperclip" },
    { name = "vocabraille" },
    { name = "wxpython" },
]

[package.dev-dependencies]
dev = [
    { name = "pytest" },
    { name = "ruff" },
]

[package.metadata]
requires-dist = [
    { name = "cryptography", specifier = ">=46.0.2" },
    { name = "i18nice", specifier = ">=0.16.0" },
    { name = "mistune", specifier = ">=3.1.4" },
    { name = "objectlistview3", specifier = ">=1.3.5" },
    { name = "pyotp", specifier = ">=2.9.0" },
    { name = "pyperclip", specifier = ">=1.11.0" },
    { name = "vocabraille", specifier = ">=0.1.0" },
    { name = "wxpython", specifier = ">=4.2.3" },
]

[package.metadata.requires-dev]
dev = [
    { name = "pytest", specifier = ">=8.4.2" },
    { name = "ruff", specifier = ">=0.13.2" },
]

[[package]]
name = "vocabraille"
version = "0.1.0"
source = { registry = "https://pypi.org/simple" }
sdist = { url = "https://files.pythonhosted.org/packages/26/1c/3cb5af056d707b2ace3973bca8146380884ec1787f200dc4947fc93f7f2f/vocabraille-0.1.0.tar.gz", hash = "sha256:d7b2dbe1641a746f36c2964eae2fb3ea5b736c56d1a9d8816566172e364106a6", size = 771137 }
wheels = [
    { url = "https://files.pythonhosted.org/packages/69/e1/be7f4f783837bb9a736f2d6c32925c31466bae4f64c450aff44164896694/vocabraille-0.1.0-py3-none-any.whl", hash = "sha256:63ee54b3119507972dafbcf0fc047159d5a38db44911290bb35ee9c8da418305", size = 771077 },
]

[[package]]
name = "wxpython"
version = "4.2.3"
source = { registry = "https://pypi.org/simple" }
sdist = { url = "https://files.pythonhosted.org/packages/4c/d9/4451392d3d6ba45aa23aa77a6f1a9970b43351b956bf61e10fd513a1dc38/wxPython-4.2.3.tar.gz", hash = "sha256:20d6e0c927e27ced85643719bd63e9f7fd501df6e9a8aab1489b039897fd7c01", size = 58861286 }
wheels = [
    { url = "https://files.pythonhosted.org/packages/af/d9/da813737843fe4290d63061f8c77d172a3c3f9242a2d3590ecec4ff91d6d/wxpython-4.2.3-cp313-cp313-macosx_10_13_x86_64.whl", hash = "sha256:718a1560e341b5c4755fe9e8a431a1c6796a9d742a4bfce7ebd90d8a71ac0dd4", size = 18796223 },
    { url = "https://files.pythonhosted.org/packages/7d/b5/f65ba11cd6b1de8279085fba287ec869a35eb122743d620a58d65d54a177/wxpython-4.2.3-cp313-cp313-macosx_11_0_arm64.whl", hash = "sha256:a1a367e4242ae83aedbaf2728f622be8ee7aec4721eb4254fe8cf2d86f893bc5", size = 17853488 },
    { url = "https://files.pythonhosted.org/packages/9e/42/fe653ffb7817d09cbc146bb67ace7fc690bdbe2739bbe472f99d8c51b01c/wxpython-4.2.3-cp313-cp313-win32.whl", hash = "sha256:676aeb82d64d3d3cb94210e882a508bb1013de5fb55917f54f8dd2c1483f9110", size = 14507572 },
    { url = "https://files.pythonhosted.org/packages/83/5c/1692523ab503b34065add84f184e1b0e4b6af6b5bde6447666a0d192b29d/wxpython-4.2.3-cp313-cp313-win_amd64.whl", hash = "sha256:dac14ea1b04d90b403414f0401704beecae0d3e7143755a20da0ac2cfec02bf9", size = 16566260 },
    { url = "https://files.pythonhosted.org/packages/d7/e6/77ec1e33b878078bd603271a61ca8260b4c7edf780bd5b61116a98637240/wxpython-4.2.3-cp313-cp313-win_arm64.whl", hash = "sha256:81c551460392040fddbf2ced6e477a0b842b8a1598c68c5c7bc5580d373cf108", size = 15535083 },
]
